// !$*UTF8*$!
{
	archiveVersion = 1;
	classes = {
	};
	objectVersion = 50;
	objects = {

/* Begin PBXBuildFile section */
		05384A6020D9FA220031606C /* AppDelegate.swift in Sources */ = {isa = PBXBuildFile; fileRef = 05384A5F20D9FA220031606C /* AppDelegate.swift */; };
		05384A6220D9FA220031606C /* ViewController.swift in Sources */ = {isa = PBXBuildFile; fileRef = 05384A6120D9FA220031606C /* ViewController.swift */; };
		05384A6520D9FA220031606C /* Main.storyboard in Resources */ = {isa = PBXBuildFile; fileRef = 05384A6320D9FA220031606C /* Main.storyboard */; };
		05384A6720D9FA260031606C /* Assets.xcassets in Resources */ = {isa = PBXBuildFile; fileRef = 05384A6620D9FA260031606C /* Assets.xcassets */; };
		05384A6A20D9FA260031606C /* LaunchScreen.storyboard in Resources */ = {isa = PBXBuildFile; fileRef = 05384A6820D9FA260031606C /* LaunchScreen.storyboard */; };
		05384A7520D9FA260031606C /* focusCheckTests.swift in Sources */ = {isa = PBXBuildFile; fileRef = 05384A7420D9FA260031606C /* focusCheckTests.swift */; };
		05384A8020D9FA260031606C /* focusCheckUITests.swift in Sources */ = {isa = PBXBuildFile; fileRef = 05384A7F20D9FA260031606C /* focusCheckUITests.swift */; };
/* End PBXBuildFile section */

/* Begin PBXContainerItemProxy section */
		05384A7120D9FA260031606C /* PBXContainerItemProxy */ = {
			isa = PBXContainerItemProxy;
			containerPortal = 05384A5420D9FA220031606C /* Project object */;
			proxyType = 1;
			remoteGlobalIDString = 05384A5B20D9FA220031606C;
			remoteInfo = focusCheck;
		};
		05384A7C20D9FA260031606C /* PBXContainerItemProxy */ = {
			isa = PBXContainerItemProxy;
			containerPortal = 05384A5420D9FA220031606C /* Project object */;
			proxyType = 1;
			remoteGlobalIDString = 05384A5B20D9FA220031606C;
			remoteInfo = focusCheck;
		};
/* End PBXContainerItemProxy section */

/* Begin PBXFileReference section */
		05384A5C20D9FA220031606C /* focusCheck.app */ = {isa = PBXFileReference; explicitFileType = wrapper.application; includeInIndex = 0; path = focusCheck.app; sourceTree = BUILT_PRODUCTS_DIR; };
		05384A5F20D9FA220031606C /* AppDelegate.swift */ = {isa = PBXFileReference; lastKnownFileType = sourcecode.swift; path = AppDelegate.swift; sourceTree = "<group>"; };
		05384A6120D9FA220031606C /* ViewController.swift */ = {isa = PBXFileReference; lastKnownFileType = sourcecode.swift; path = ViewController.swift; sourceTree = "<group>"; };
		05384A6420D9FA220031606C /* Base */ = {isa = PBXFileReference; lastKnownFileType = file.storyboard; name = Base; path = Base.lproj/Main.storyboard; sourceTree = "<group>"; };
		05384A6620D9FA260031606C /* Assets.xcassets */ = {isa = PBXFileReference; lastKnownFileType = folder.assetcatalog; path = Assets.xcassets; sourceTree = "<group>"; };
		05384A6920D9FA260031606C /* Base */ = {isa = PBXFileReference; lastKnownFileType = file.storyboard; name = Base; path = Base.lproj/LaunchScreen.storyboard; sourceTree = "<group>"; };
		05384A6B20D9FA260031606C /* Info.plist */ = {isa = PBXFileReference; lastKnownFileType = text.plist.xml; path = Info.plist; sourceTree = "<group>"; };
		05384A7020D9FA260031606C /* focusCheckTests.xctest */ = {isa = PBXFileReference; explicitFileType = wrapper.cfbundle; includeInIndex = 0; path = focusCheckTests.xctest; sourceTree = BUILT_PRODUCTS_DIR; };
		05384A7420D9FA260031606C /* focusCheckTests.swift */ = {isa = PBXFileReference; lastKnownFileType = sourcecode.swift; path = focusCheckTests.swift; sourceTree = "<group>"; };
		05384A7620D9FA260031606C /* Info.plist */ = {isa = PBXFileReference; lastKnownFileType = text.plist.xml; path = Info.plist; sourceTree = "<group>"; };
		05384A7B20D9FA260031606C /* focusCheckUITests.xctest */ = {isa = PBXFileReference; explicitFileType = wrapper.cfbundle; includeInIndex = 0; path = focusCheckUITests.xctest; sourceTree = BUILT_PRODUCTS_DIR; };
		05384A7F20D9FA260031606C /* focusCheckUITests.swift */ = {isa = PBXFileReference; lastKnownFileType = sourcecode.swift; path = focusCheckUITests.swift; sourceTree = "<group>"; };
		05384A8120D9FA260031606C /* Info.plist */ = {isa = PBXFileReference; lastKnownFileType = text.plist.xml; path = Info.plist; sourceTree = "<group>"; };
/* End PBXFileReference section */

/* Begin PBXFrameworksBuildPhase section */
		05384A5920D9FA220031606C /* Frameworks */ = {
			isa = PBXFrameworksBuildPhase;
			buildActionMask = 2147483647;
			files = (
			);
			runOnlyForDeploymentPostprocessing = 0;
		};
		05384A6D20D9FA260031606C /* Frameworks */ = {
			isa = PBXFrameworksBuildPhase;
			buildActionMask = 2147483647;
			files = (
			);
			runOnlyForDeploymentPostprocessing = 0;
		};
		05384A7820D9FA260031606C /* Frameworks */ = {
			isa = PBXFrameworksBuildPhase;
			buildActionMask = 2147483647;
			files = (
			);
			runOnlyForDeploymentPostprocessing = 0;
		};
/* End PBXFrameworksBuildPhase section */

/* Begin PBXGroup section */
		05384A5320D9FA220031606C = {
			isa = PBXGroup;
			children = (
				05384A5E20D9FA220031606C /* focusCheck */,
				05384A7320D9FA260031606C /* focusCheckTests */,
				05384A7E20D9FA260031606C /* focusCheckUITests */,
				05384A5D20D9FA220031606C /* Products */,
			);
			sourceTree = "<group>";
		};
		05384A5D20D9FA220031606C /* Products */ = {
			isa = PBXGroup;
			children = (
				05384A5C20D9FA220031606C /* focusCheck.app */,
				05384A7020D9FA260031606C /* focusCheckTests.xctest */,
				05384A7B20D9FA260031606C /* focusCheckUITests.xctest */,
			);
			name = Products;
			sourceTree = "<group>";
		};
		05384A5E20D9FA220031606C /* focusCheck */ = {
			isa = PBXGroup;
			children = (
				05384A5F20D9FA220031606C /* AppDelegate.swift */,
				05384A6120D9FA220031606C /* ViewController.swift */,
				05384A6320D9FA220031606C /* Main.storyboard */,
				05384A6620D9FA260031606C /* Assets.xcassets */,
				05384A6820D9FA260031606C /* LaunchScreen.storyboard */,
				05384A6B20D9FA260031606C /* Info.plist */,
			);
			path = focusCheck;
			sourceTree = "<group>";
		};
		05384A7320D9FA260031606C /* focusCheckTests */ = {
			isa = PBXGroup;
			children = (
				05384A7420D9FA260031606C /* focusCheckTests.swift */,
				05384A7620D9FA260031606C /* Info.plist */,
			);
			path = focusCheckTests;
			sourceTree = "<group>";
		};
		05384A7E20D9FA260031606C /* focusCheckUITests */ = {
			isa = PBXGroup;
			children = (
				05384A7F20D9FA260031606C /* focusCheckUITests.swift */,
				05384A8120D9FA260031606C /* Info.plist */,
			);
			path = focusCheckUITests;
			sourceTree = "<group>";
		};
/* End PBXGroup section */

/* Begin PBXNativeTarget section */
		05384A5B20D9FA220031606C /* focusCheck */ = {
			isa = PBXNativeTarget;
			buildConfigurationList = 05384A8420D9FA260031606C /* Build configuration list for PBXNativeTarget "focusCheck" */;
			buildPhases = (
				05384A5820D9FA220031606C /* Sources */,
				05384A5920D9FA220031606C /* Frameworks */,
				05384A5A20D9FA220031606C /* Resources */,
			);
			buildRules = (
			);
			dependencies = (
			);
			name = focusCheck;
			productName = focusCheck;
			productReference = 05384A5C20D9FA220031606C /* focusCheck.app */;
			productType = "com.apple.product-type.application";
		};
		05384A6F20D9FA260031606C /* focusCheckTests */ = {
			isa = PBXNativeTarget;
			buildConfigurationList = 05384A8720D9FA260031606C /* Build configuration list for PBXNativeTarget "focusCheckTests" */;
			buildPhases = (
				05384A6C20D9FA260031606C /* Sources */,
				05384A6D20D9FA260031606C /* Frameworks */,
				05384A6E20D9FA260031606C /* Resources */,
			);
			buildRules = (
			);
			dependencies = (
				05384A7220D9FA260031606C /* PBXTargetDependency */,
			);
			name = focusCheckTests;
			productName = focusCheckTests;
			productReference = 05384A7020D9FA260031606C /* focusCheckTests.xctest */;
			productType = "com.apple.product-type.bundle.unit-test";
		};
		05384A7A20D9FA260031606C /* focusCheckUITests */ = {
			isa = PBXNativeTarget;
			buildConfigurationList = 05384A8A20D9FA260031606C /* Build configuration list for PBXNativeTarget "focusCheckUITests" */;
			buildPhases = (
				05384A7720D9FA260031606C /* Sources */,
				05384A7820D9FA260031606C /* Frameworks */,
				05384A7920D9FA260031606C /* Resources */,
			);
			buildRules = (
			);
			dependencies = (
				05384A7D20D9FA260031606C /* PBXTargetDependency */,
			);
			name = focusCheckUITests;
			productName = focusCheckUITests;
			productReference = 05384A7B20D9FA260031606C /* focusCheckUITests.xctest */;
			productType = "com.apple.product-type.bundle.ui-testing";
		};
/* End PBXNativeTarget section */

/* Begin PBXProject section */
		05384A5420D9FA220031606C /* Project object */ = {
			isa = PBXProject;
			attributes = {
				LastSwiftUpdateCheck = 0930;
				LastUpgradeCheck = 0930;
				ORGANIZATIONNAME = "直井翔汰";
				TargetAttributes = {
					05384A5B20D9FA220031606C = {
						CreatedOnToolsVersion = 9.3;
					};
					05384A6F20D9FA260031606C = {
						CreatedOnToolsVersion = 9.3;
						TestTargetID = 05384A5B20D9FA220031606C;
					};
					05384A7A20D9FA260031606C = {
						CreatedOnToolsVersion = 9.3;
						TestTargetID = 05384A5B20D9FA220031606C;
					};
				};
			};
			buildConfigurationList = 05384A5720D9FA220031606C /* Build configuration list for PBXProject "focusCheck" */;
			compatibilityVersion = "Xcode 9.3";
			developmentRegion = en;
			hasScannedForEncodings = 0;
			knownRegions = (
				en,
				Base,
			);
			mainGroup = 05384A5320D9FA220031606C;
			productRefGroup = 05384A5D20D9FA220031606C /* Products */;
			projectDirPath = "";
			projectRoot = "";
			targets = (
				05384A5B20D9FA220031606C /* focusCheck */,
				05384A6F20D9FA260031606C /* focusCheckTests */,
				05384A7A20D9FA260031606C /* focusCheckUITests */,
			);
		};
/* End PBXProject section */

/* Begin PBXResourcesBuildPhase section */
		05384A5A20D9FA220031606C /* Resources */ = {
			isa = PBXResourcesBuildPhase;
			buildActionMask = 2147483647;
			files = (
				05384A6A20D9FA260031606C /* LaunchScreen.storyboard in Resources */,
				05384A6720D9FA260031606C /* Assets.xcassets in Resources */,
				05384A6520D9FA220031606C /* Main.storyboard in Resources */,
			);
			runOnlyForDeploymentPostprocessing = 0;
		};
		05384A6E20D9FA260031606C /* Resources */ = {
			isa = PBXResourcesBuildPhase;
			buildActionMask = 2147483647;
			files = (
			);
			runOnlyForDeploymentPostprocessing = 0;
		};
		05384A7920D9FA260031606C /* Resources */ = {
			isa = PBXResourcesBuildPhase;
			buildActionMask = 2147483647;
			files = (
			);
			runOnlyForDeploymentPostprocessing = 0;
		};
/* End PBXResourcesBuildPhase section */

/* Begin PBXSourcesBuildPhase section */
		05384A5820D9FA220031606C /* Sources */ = {
			isa = PBXSourcesBuildPhase;
			buildActionMask = 2147483647;
			files = (
				05384A6220D9FA220031606C /* ViewController.swift in Sources */,
				05384A6020D9FA220031606C /* AppDelegate.swift in Sources */,
			);
			runOnlyForDeploymentPostprocessing = 0;
		};
		05384A6C20D9FA260031606C /* Sources */ = {
			isa = PBXSourcesBuildPhase;
			buildActionMask = 2147483647;
			files = (
				05384A7520D9FA260031606C /* focusCheckTests.swift in Sources */,
			);
			runOnlyForDeploymentPostprocessing = 0;
		};
		05384A7720D9FA260031606C /* Sources */ = {
			isa = PBXSourcesBuildPhase;
			buildActionMask = 2147483647;
			files = (
				05384A8020D9FA260031606C /* focusCheckUITests.swift in Sources */,
			);
			runOnlyForDeploymentPostprocessing = 0;
		};
/* End PBXSourcesBuildPhase section */

/* Begin PBXTargetDependency section */
		05384A7220D9FA260031606C /* PBXTargetDependency */ = {
			isa = PBXTargetDependency;
			target = 05384A5B20D9FA220031606C /* focusCheck */;
			targetProxy = 05384A7120D9FA260031606C /* PBXContainerItemProxy */;
		};
		05384A7D20D9FA260031606C /* PBXTargetDependency */ = {
			isa = PBXTargetDependency;
			target = 05384A5B20D9FA220031606C /* focusCheck */;
			targetProxy = 05384A7C20D9FA260031606C /* PBXContainerItemProxy */;
		};
/* End PBXTargetDependency section */

/* Begin PBXVariantGroup section */
		05384A6320D9FA220031606C /* Main.storyboard */ = {
			isa = PBXVariantGroup;
			children = (
				05384A6420D9FA220031606C /* Base */,
			);
			name = Main.storyboard;
			sourceTree = "<group>";
		};
		05384A6820D9FA260031606C /* LaunchScreen.storyboard */ = {
			isa = PBXVariantGroup;
			children = (
				05384A6920D9FA260031606C /* Base */,
			);
			name = LaunchScreen.storyboard;
			sourceTree = "<group>";
		};
/* End PBXVariantGroup section */

/* Begin XCBuildConfiguration section */
		05384A8220D9FA260031606C /* Debug */ = {
			isa = XCBuildConfiguration;
			buildSettings = {
				ALWAYS_SEARCH_USER_PATHS = NO;
				CLANG_ANALYZER_NONNULL = YES;
				CLANG_ANALYZER_NUMBER_OBJECT_CONVERSION = YES_AGGRESSIVE;
				CLANG_CXX_LANGUAGE_STANDARD = "gnu++14";
				CLANG_CXX_LIBRARY = "libc++";
				CLANG_ENABLE_MODULES = YES;
				CLANG_ENABLE_OBJC_ARC = YES;
				CLANG_ENABLE_OBJC_WEAK = YES;
				CLANG_WARN_BLOCK_CAPTURE_AUTORELEASING = YES;
				CLANG_WARN_BOOL_CONVERSION = YES;
				CLANG_WARN_COMMA = YES;
				CLANG_WARN_CONSTANT_CONVERSION = YES;
				CLANG_WARN_DEPRECATED_OBJC_IMPLEMENTATIONS = YES;
				CLANG_WARN_DIRECT_OBJC_ISA_USAGE = YES_ERROR;
				CLANG_WARN_DOCUMENTATION_COMMENTS = YES;
				CLANG_WARN_EMPTY_BODY = YES;
				CLANG_WARN_ENUM_CONVERSION = YES;
				CLANG_WARN_INFINITE_RECURSION = YES;
				CLANG_WARN_INT_CONVERSION = YES;
				CLANG_WARN_NON_LITERAL_NULL_CONVERSION = YES;
				CLANG_WARN_OBJC_IMPLICIT_RETAIN_SELF = YES;
				CLANG_WARN_OBJC_LITERAL_CONVERSION = YES;
				CLANG_WARN_OBJC_ROOT_CLASS = YES_ERROR;
				CLANG_WARN_RANGE_LOOP_ANALYSIS = YES;
				CLANG_WARN_STRICT_PROTOTYPES = YES;
				CLANG_WARN_SUSPICIOUS_MOVE = YES;
				CLANG_WARN_UNGUARDED_AVAILABILITY = YES_AGGRESSIVE;
				CLANG_WARN_UNREACHABLE_CODE = YES;
				CLANG_WARN__DUPLICATE_METHOD_MATCH = YES;
				CODE_SIGN_IDENTITY = "iPhone Developer";
				COPY_PHASE_STRIP = NO;
				DEBUG_INFORMATION_FORMAT = dwarf;
				ENABLE_STRICT_OBJC_MSGSEND = YES;
				ENABLE_TESTABILITY = YES;
				GCC_C_LANGUAGE_STANDARD = gnu11;
				GCC_DYNAMIC_NO_PIC = NO;
				GCC_NO_COMMON_BLOCKS = YES;
				GCC_OPTIMIZATION_LEVEL = 0;
				GCC_PREPROCESSOR_DEFINITIONS = (
					"DEBUG=1",
					"$(inherited)",
				);
				GCC_WARN_64_TO_32_BIT_CONVERSION = YES;
				GCC_WARN_ABOUT_RETURN_TYPE = YES_ERROR;
				GCC_WARN_UNDECLARED_SELECTOR = YES;
				GCC_WARN_UNINITIALIZED_AUTOS = YES_AGGRESSIVE;
				GCC_WARN_UNUSED_FUNCTION = YES;
				GCC_WARN_UNUSED_VARIABLE = YES;
				IPHONEOS_DEPLOYMENT_TARGET = 11.3;
				MTL_ENABLE_DEBUG_INFO = YES;
				ONLY_ACTIVE_ARCH = YES;
				SDKROOT = iphoneos;
				SWIFT_ACTIVE_COMPILATION_CONDITIONS = DEBUG;
				SWIFT_OPTIMIZATION_LEVEL = "-Onone";
			};
			name = Debug;
		};
		05384A8320D9FA260031606C /* Release */ = {
			isa = XCBuildConfiguration;
			buildSettings = {
				ALWAYS_SEARCH_USER_PATHS = NO;
				CLANG_ANALYZER_NONNULL = YES;
				CLANG_ANALYZER_NUMBER_OBJECT_CONVERSION = YES_AGGRESSIVE;
				CLANG_CXX_LANGUAGE_STANDARD = "gnu++14";
				CLANG_CXX_LIBRARY = "libc++";
				CLANG_ENABLE_MODULES = YES;
				CLANG_ENABLE_OBJC_ARC = YES;
				CLANG_ENABLE_OBJC_WEAK = YES;
				CLANG_WARN_BLOCK_CAPTURE_AUTORELEASING = YES;
				CLANG_WARN_BOOL_CONVERSION = YES;
				CLANG_WARN_COMMA = YES;
				CLANG_WARN_CONSTANT_CONVERSION = YES;
				CLANG_WARN_DEPRECATED_OBJC_IMPLEMENTATIONS = YES;
				CLANG_WARN_DIRECT_OBJC_ISA_USAGE = YES_ERROR;
				CLANG_WARN_DOCUMENTATION_COMMENTS = YES;
				CLANG_WARN_EMPTY_BODY = YES;
				CLANG_WARN_ENUM_CONVERSION = YES;
				CLANG_WARN_INFINITE_RECURSION = YES;
				CLANG_WARN_INT_CONVERSION = YES;
				CLANG_WARN_NON_LITERAL_NULL_CONVERSION = YES;
				CLANG_WARN_OBJC_IMPLICIT_RETAIN_SELF = YES;
				CLANG_WARN_OBJC_LITERAL_CONVERSION = YES;
				CLANG_WARN_OBJC_ROOT_CLASS = YES_ERROR;
				CLANG_WARN_RANGE_LOOP_ANALYSIS = YES;
				CLANG_WARN_STRICT_PROTOTYPES = YES;
				CLANG_WARN_SUSPICIOUS_MOVE = YES;
				CLANG_WARN_UNGUARDED_AVAILABILITY = YES_AGGRESSIVE;
				CLANG_WARN_UNREACHABLE_CODE = YES;
				CLANG_WARN__DUPLICATE_METHOD_MATCH = YES;
				CODE_SIGN_IDENTITY = "iPhone Developer";
				COPY_PHASE_STRIP = NO;
				DEBUG_INFORMATION_FORMAT = "dwarf-with-dsym";
				ENABLE_NS_ASSERTIONS = NO;
				ENABLE_STRICT_OBJC_MSGSEND = YES;
				GCC_C_LANGUAGE_STANDARD = gnu11;
				GCC_NO_COMMON_BLOCKS = YES;
				GCC_WARN_64_TO_32_BIT_CONVERSION = YES;
				GCC_WARN_ABOUT_RETURN_TYPE = YES_ERROR;
				GCC_WARN_UNDECLARED_SELECTOR = YES;
				GCC_WARN_UNINITIALIZED_AUTOS = YES_AGGRESSIVE;
				GCC_WARN_UNUSED_FUNCTION = YES;
				GCC_WARN_UNUSED_VARIABLE = YES;
				IPHONEOS_DEPLOYMENT_TARGET = 11.3;
				MTL_ENABLE_DEBUG_INFO = NO;
				SDKROOT = iphoneos;
				SWIFT_COMPILATION_MODE = wholemodule;
				SWIFT_OPTIMIZATION_LEVEL = "-O";
				VALIDATE_PRODUCT = YES;
			};
			name = Release;
		};
		05384A8520D9FA260031606C /* Debug */ = {
			isa = XCBuildConfiguration;
			buildSettings = {
				ASSETCATALOG_COMPILER_APPICON_NAME = AppIcon;
				CODE_SIGN_STYLE = Automatic;
				DEVELOPMENT_TEAM = 5YJYY9X256;
				INFOPLIST_FILE = focusCheck/Info.plist;
				LD_RUNPATH_SEARCH_PATHS = (
					"$(inherited)",
					"@executable_path/Frameworks",
				);
				PRODUCT_BUNDLE_IDENTIFIER = naoi.focusCheck;
				PRODUCT_NAME = "$(TARGET_NAME)";
				SWIFT_VERSION = 4.0;
				TARGETED_DEVICE_FAMILY = "1,2";
			};
			name = Debug;
		};
		05384A8620D9FA260031606C /* Release */ = {
			isa = XCBuildConfiguration;
			buildSettings = {
				ASSETCATALOG_COMPILER_APPICON_NAME = AppIcon;
				CODE_SIGN_STYLE = Automatic;
				DEVELOPMENT_TEAM = 5YJYY9X256;
				INFOPLIST_FILE = focusCheck/Info.plist;
				LD_RUNPATH_SEARCH_PATHS = (
					"$(inherited)",
					"@executable_path/Frameworks",
				);
				PRODUCT_BUNDLE_IDENTIFIER = naoi.focusCheck;
				PRODUCT_NAME = "$(TARGET_NAME)";
				SWIFT_VERSION = 4.0;
				TARGETED_DEVICE_FAMILY = "1,2";
			};
			name = Release;
		};
		05384A8820D9FA260031606C /* Debug */ = {
			isa = XCBuildConfiguration;
			buildSettings = {
				ALWAYS_EMBED_SWIFT_STANDARD_LIBRARIES = YES;
				BUNDLE_LOADER = "$(TEST_HOST)";
				CODE_SIGN_STYLE = Automatic;
				DEVELOPMENT_TEAM = 5YJYY9X256;
				INFOPLIST_FILE = focusCheckTests/Info.plist;
				LD_RUNPATH_SEARCH_PATHS = (
					"$(inherited)",
					"@executable_path/Frameworks",
					"@loader_path/Frameworks",
				);
				PRODUCT_BUNDLE_IDENTIFIER = naoi.focusCheckTests;
				PRODUCT_NAME = "$(TARGET_NAME)";
				SWIFT_VERSION = 4.0;
				TARGETED_DEVICE_FAMILY = "1,2";
				TEST_HOST = "$(BUILT_PRODUCTS_DIR)/focusCheck.app/focusCheck";
			};
			name = Debug;
		};
		05384A8920D9FA260031606C /* Release */ = {
			isa = XCBuildConfiguration;
			buildSettings = {
				ALWAYS_EMBED_SWIFT_STANDARD_LIBRARIES = YES;
				BUNDLE_LOADER = "$(TEST_HOST)";
				CODE_SIGN_STYLE = Automatic;
				DEVELOPMENT_TEAM = 5YJYY9X256;
				INFOPLIST_FILE = focusCheckTests/Info.plist;
				LD_RUNPATH_SEARCH_PATHS = (
					"$(inherited)",
					"@executable_path/Frameworks",
					"@loader_path/Frameworks",
				);
				PRODUCT_BUNDLE_IDENTIFIER = naoi.focusCheckTests;
				PRODUCT_NAME = "$(TARGET_NAME)";
				SWIFT_VERSION = 4.0;
				TARGETED_DEVICE_FAMILY = "1,2";
				TEST_HOST = "$(BUILT_PRODUCTS_DIR)/focusCheck.app/focusCheck";
			};
			name = Release;
		};
		05384A8B20D9FA260031606C /* Debug */ = {
			isa = XCBuildConfiguration;
			buildSettings = {
				ALWAYS_EMBED_SWIFT_STANDARD_LIBRARIES = YES;
				CODE_SIGN_STYLE = Automatic;
				DEVELOPMENT_TEAM = 5YJYY9X256;
				INFOPLIST_FILE = focusCheckUITests/Info.plist;
				LD_RUNPATH_SEARCH_PATHS = (
					"$(inherited)",
					"@executable_path/Frameworks",
					"@loader_path/Frameworks",
				);
				PRODUCT_BUNDLE_IDENTIFIER = naoi.focusCheckUITests;
				PRODUCT_NAME = "$(TARGET_NAME)";
				SWIFT_VERSION = 4.0;
				TARGETED_DEVICE_FAMILY = "1,2";
				TEST_TARGET_NAME = focusCheck;
			};
			name = Debug;
		};
		05384A8C20D9FA260031606C /* Release */ = {
			isa = XCBuildConfiguration;
			buildSettings = {
				ALWAYS_EMBED_SWIFT_STANDARD_LIBRARIES = YES;
				CODE_SIGN_STYLE = Automatic;
				DEVELOPMENT_TEAM = 5YJYY9X256;
				INFOPLIST_FILE = focusCheckUITests/Info.plist;
				LD_RUNPATH_SEARCH_PATHS = (
					"$(inherited)",
					"@executable_path/Frameworks",
					"@loader_path/Frameworks",
				);
				PRODUCT_BUNDLE_IDENTIFIER = naoi.focusCheckUITests;
				PRODUCT_NAME = "$(TARGET_NAME)";
				SWIFT_VERSION = 4.0;
				TARGETED_DEVICE_FAMILY = "1,2";
				TEST_TARGET_NAME = focusCheck;
			};
			name = Release;
		};
/* End XCBuildConfiguration section */

/* Begin XCConfigurationList section */
		05384A5720D9FA220031606C /* Build configuration list for PBXProject "focusCheck" */ = {
			isa = XCConfigurationList;
			buildConfigurations = (
				05384A8220D9FA260031606C /* Debug */,
				05384A8320D9FA260031606C /* Release */,
			);
			defaultConfigurationIsVisible = 0;
			defaultConfigurationName = Release;
		};
		05384A8420D9FA260031606C /* Build configuration list for PBXNativeTarget "focusCheck" */ = {
			isa = XCConfigurationList;
			buildConfigurations = (
				05384A8520D9FA260031606C /* Debug */,
				05384A8620D9FA260031606C /* Release */,
			);
			defaultConfigurationIsVisible = 0;
			defaultConfigurationName = Release;
		};
		05384A8720D9FA260031606C /* Build configuration list for PBXNativeTarget "focusCheckTests" */ = {
			isa = XCConfigurationList;
			buildConfigurations = (
				05384A8820D9FA260031606C /* Debug */,
				05384A8920D9FA260031606C /* Release */,
			);
			defaultConfigurationIsVisible = 0;
			defaultConfigurationName = Release;
		};
		05384A8A20D9FA260031606C /* Build configuration list for PBXNativeTarget "focusCheckUITests" */ = {
			isa = XCConfigurationList;
			buildConfigurations = (
				05384A8B20D9FA260031606C /* Debug */,
				05384A8C20D9FA260031606C /* Release */,
			);
			defaultConfigurationIsVisible = 0;
			defaultConfigurationName = Release;
		};
/* End XCConfigurationList section */
	};
	rootObject = 05384A5420D9FA220031606C /* Project object */;
}
